
Microsoft Visual Studio Solution File, Format Version 12.00
# Visual Studio Version 16
VisualStudioVersion = 16.0.30204.135
MinimumVisualStudioVersion = 10.0.40219.1
Project("{FAE04EC0-301F-11D3-BF4B-00C04F79EFBC}") = "Ex4_FASE3", "Ex4_FASE3\Ex4_FASE3.csproj", "{88961ED5-430F-4F01-BC40-54A5518559C7}"
EndProject
Global
	GlobalSection(SolutionConfigurationPlatforms) = preSolution
		Debug|Any CPU = Debug|Any CPU
		Release|Any CPU = Release|Any CPU
	EndGlobalSection
	GlobalSection(ProjectConfigurationPlatforms) = postSolution
		{88961ED5-430F-4F01-BC40-54A5518559C7}.Debug|Any CPU.ActiveCfg = Debug|Any CPU
		{88961ED5-430F-4F01-BC40-54A5518559C7}.Debug|Any CPU.Build.0 = Debug|Any CPU
		{88961ED5-430F-4F01-BC40-54A5518559C7}.Release|Any CPU.ActiveCfg = Release|Any CPU
		{88961ED5-430F-4F01-BC40-54A5518559C7}.Release|Any CPU.Build.0 = Release|Any CPU
	EndGlobalSection
	GlobalSection(SolutionProperties) = preSolution
		HideSolutionNode = FALSE
	EndGlobalSection
	GlobalSection(ExtensibilityGlobals) = postSolution
		SolutionGuid = {E1A9359E-08DA-4ED9-BEA1-89700176209A}
	EndGlobalSection
EndGlobal
